// !$*UTF8*$!
{
	archiveVersion = 1;
	classes = {
	};
	objectVersion = 51;
	objects = {

/* Begin PBXBuildFile section */
		4A734A9D70BC449C93D2A0E1 /* awsconfiguration.json in Resources */ = {isa = PBXBuildFile; fileRef = CA5033383EB3448AA5CEA2C2 /* awsconfiguration.json */; };
		61044193144F4EC18F18BB6D /* Todo+Schema.swift in Sources */ = {isa = PBXBuildFile; fileRef = B94AADD6A1774CB8BB54E96D /* Todo+Schema.swift */; };
		6CFE9E5FCD0945408518ED57 /* amplifyconfiguration.json in Resources */ = {isa = PBXBuildFile; fileRef = 74173773C1D249F087CD7167 /* amplifyconfiguration.json */; };
		83909BBC24FFF54500799FF1 /* AppDelegate.swift in Sources */ = {isa = PBXBuildFile; fileRef = 83909BBB24FFF54500799FF1 /* AppDelegate.swift */; };
		83909BBE24FFF54500799FF1 /* SceneDelegate.swift in Sources */ = {isa = PBXBuildFile; fileRef = 83909BBD24FFF54500799FF1 /* SceneDelegate.swift */; };
		83909BC024FFF54500799FF1 /* ViewController.swift in Sources */ = {isa = PBXBuildFile; fileRef = 83909BBF24FFF54500799FF1 /* ViewController.swift */; };
		83909BC324FFF54500799FF1 /* Main.storyboard in Resources */ = {isa = PBXBuildFile; fileRef = 83909BC124FFF54500799FF1 /* Main.storyboard */; };
		83909BC524FFF54700799FF1 /* Assets.xcassets in Resources */ = {isa = PBXBuildFile; fileRef = 83909BC424FFF54700799FF1 /* Assets.xcassets */; };
		83909BC824FFF54700799FF1 /* LaunchScreen.storyboard in Resources */ = {isa = PBXBuildFile; fileRef = 83909BC624FFF54700799FF1 /* LaunchScreen.storyboard */; };
		83909BD125000B2600799FF1 /* TodoCell.swift in Sources */ = {isa = PBXBuildFile; fileRef = 83909BD025000B2600799FF1 /* TodoCell.swift */; };
		A053114F28FF48C8B66E1144 /* Priority.swift in Sources */ = {isa = PBXBuildFile; fileRef = 92F70A1FF8B04922B92992B0 /* Priority.swift */; };
		A8C9543014CDC8ACF0710C70 /* Pods_Todo.framework in Frameworks */ = {isa = PBXBuildFile; fileRef = 0A2831A7232BD2ECA6548809 /* Pods_Todo.framework */; };
		BA85B3C4593C403E980C1F6B /* AmplifyModels.swift in Sources */ = {isa = PBXBuildFile; fileRef = DACAF17EA39F452784969E50 /* AmplifyModels.swift */; };
		D5FCA09AAC4541B289B1F4AF /* Todo.swift in Sources */ = {isa = PBXBuildFile; fileRef = 5212F6FF90BA4AC7AFD62ADB /* Todo.swift */; };
/* End PBXBuildFile section */

/* Begin PBXFileReference section */
		044224BDD4A54392B7432FBD /* schema.graphql */ = {isa = PBXFileReference; explicitFileType = undefined; fileEncoding = 4; includeInIndex = 0; lastKnownFileType = text; name = schema.graphql; path = amplify/backend/api/amplifyDatasource/schema.graphql; sourceTree = "<group>"; };
		0A2831A7232BD2ECA6548809 /* Pods_Todo.framework */ = {isa = PBXFileReference; explicitFileType = wrapper.framework; includeInIndex = 0; path = Pods_Todo.framework; sourceTree = BUILT_PRODUCTS_DIR; };
		13E1EF63961F100233A8B571 /* Pods-Todo.debug.xcconfig */ = {isa = PBXFileReference; includeInIndex = 1; lastKnownFileType = text.xcconfig; name = "Pods-Todo.debug.xcconfig"; path = "Target Support Files/Pods-Todo/Pods-Todo.debug.xcconfig"; sourceTree = "<group>"; };
		45ADE79B32D642C89234E4C0 /* amplifytools.xcconfig */ = {isa = PBXFileReference; explicitFileType = undefined; fileEncoding = 4; includeInIndex = 0; lastKnownFileType = text.xcconfig; path = amplifytools.xcconfig; sourceTree = "<group>"; };
		5212F6FF90BA4AC7AFD62ADB /* Todo.swift */ = {isa = PBXFileReference; explicitFileType = undefined; fileEncoding = 4; includeInIndex = 0; lastKnownFileType = sourcecode.swift; name = Todo.swift; path = amplify/generated/models/Todo.swift; sourceTree = "<group>"; };
		74173773C1D249F087CD7167 /* amplifyconfiguration.json */ = {isa = PBXFileReference; explicitFileType = undefined; fileEncoding = 9; includeInIndex = 0; lastKnownFileType = unknown; path = amplifyconfiguration.json; sourceTree = "<group>"; };
		83909BB824FFF54500799FF1 /* Todo.app */ = {isa = PBXFileReference; explicitFileType = wrapper.application; includeInIndex = 0; path = Todo.app; sourceTree = BUILT_PRODUCTS_DIR; };
		83909BBB24FFF54500799FF1 /* AppDelegate.swift */ = {isa = PBXFileReference; lastKnownFileType = sourcecode.swift; path = AppDelegate.swift; sourceTree = "<group>"; };
		83909BBD24FFF54500799FF1 /* SceneDelegate.swift */ = {isa = PBXFileReference; lastKnownFileType = sourcecode.swift; path = SceneDelegate.swift; sourceTree = "<group>"; };
		83909BBF24FFF54500799FF1 /* ViewController.swift */ = {isa = PBXFileReference; lastKnownFileType = sourcecode.swift; path = ViewController.swift; sourceTree = "<group>"; };
		83909BC224FFF54500799FF1 /* Base */ = {isa = PBXFileReference; lastKnownFileType = file.storyboard; name = Base; path = Base.lproj/Main.storyboard; sourceTree = "<group>"; };
		83909BC424FFF54700799FF1 /* Assets.xcassets */ = {isa = PBXFileReference; lastKnownFileType = folder.assetcatalog; path = Assets.xcassets; sourceTree = "<group>"; };
		83909BC724FFF54700799FF1 /* Base */ = {isa = PBXFileReference; lastKnownFileType = file.storyboard; name = Base; path = Base.lproj/LaunchScreen.storyboard; sourceTree = "<group>"; };
		83909BC924FFF54700799FF1 /* Info.plist */ = {isa = PBXFileReference; lastKnownFileType = text.plist.xml; path = Info.plist; sourceTree = "<group>"; };
		83909BD025000B2600799FF1 /* TodoCell.swift */ = {isa = PBXFileReference; lastKnownFileType = sourcecode.swift; path = TodoCell.swift; sourceTree = "<group>"; };
		92F70A1FF8B04922B92992B0 /* Priority.swift */ = {isa = PBXFileReference; explicitFileType = undefined; fileEncoding = 4; includeInIndex = 0; lastKnownFileType = sourcecode.swift; name = Priority.swift; path = amplify/generated/models/Priority.swift; sourceTree = "<group>"; };
		9802B7FA7671165F91BA25B5 /* Pods-Todo.release.xcconfig */ = {isa = PBXFileReference; includeInIndex = 1; lastKnownFileType = text.xcconfig; name = "Pods-Todo.release.xcconfig"; path = "Target Support Files/Pods-Todo/Pods-Todo.release.xcconfig"; sourceTree = "<group>"; };
		B94AADD6A1774CB8BB54E96D /* Todo+Schema.swift */ = {isa = PBXFileReference; explicitFileType = undefined; fileEncoding = 4; includeInIndex = 0; lastKnownFileType = sourcecode.swift; name = "Todo+Schema.swift"; path = "amplify/generated/models/Todo+Schema.swift"; sourceTree = "<group>"; };
		CA5033383EB3448AA5CEA2C2 /* awsconfiguration.json */ = {isa = PBXFileReference; explicitFileType = undefined; fileEncoding = 9; includeInIndex = 0; lastKnownFileType = unknown; path = awsconfiguration.json; sourceTree = "<group>"; };
		DACAF17EA39F452784969E50 /* AmplifyModels.swift */ = {isa = PBXFileReference; explicitFileType = undefined; fileEncoding = 4; includeInIndex = 0; lastKnownFileType = sourcecode.swift; name = AmplifyModels.swift; path = amplify/generated/models/AmplifyModels.swift; sourceTree = "<group>"; };
/* End PBXFileReference section */

/* Begin PBXFrameworksBuildPhase section */
		83909BB524FFF54500799FF1 /* Frameworks */ = {
			isa = PBXFrameworksBuildPhase;
			buildActionMask = 2147483647;
			files = (
				A8C9543014CDC8ACF0710C70 /* Pods_Todo.framework in Frameworks */,
			);
			runOnlyForDeploymentPostprocessing = 0;
		};
/* End PBXFrameworksBuildPhase section */

/* Begin PBXGroup section */
		5A12AFC01DCFB2C78A48EC29 /* Frameworks */ = {
			isa = PBXGroup;
			children = (
				0A2831A7232BD2ECA6548809 /* Pods_Todo.framework */,
			);
			name = Frameworks;
			sourceTree = "<group>";
		};
		6C62F51CEEFFFA3BC6BB65B7 /* Pods */ = {
			isa = PBXGroup;
			children = (
				13E1EF63961F100233A8B571 /* Pods-Todo.debug.xcconfig */,
				9802B7FA7671165F91BA25B5 /* Pods-Todo.release.xcconfig */,
			);
			path = Pods;
			sourceTree = "<group>";
		};
		83909BAF24FFF54500799FF1 = {
			isa = PBXGroup;
			children = (
				C8380995ECAC44E6B75EF11D /* AmplifyModels */,
				B0E8F3C14C9740EEB3542013 /* AmplifyConfig */,
				83909BBA24FFF54500799FF1 /* Todo */,
				83909BB924FFF54500799FF1 /* Products */,
				6C62F51CEEFFFA3BC6BB65B7 /* Pods */,
				5A12AFC01DCFB2C78A48EC29 /* Frameworks */,
			);
			sourceTree = "<group>";
		};
		83909BB924FFF54500799FF1 /* Products */ = {
			isa = PBXGroup;
			children = (
				83909BB824FFF54500799FF1 /* Todo.app */,
			);
			name = Products;
			sourceTree = "<group>";
		};
		83909BBA24FFF54500799FF1 /* Todo */ = {
			isa = PBXGroup;
			children = (
				83909BBB24FFF54500799FF1 /* AppDelegate.swift */,
				83909BBD24FFF54500799FF1 /* SceneDelegate.swift */,
				83909BBF24FFF54500799FF1 /* ViewController.swift */,
				83909BD025000B2600799FF1 /* TodoCell.swift */,
				83909BC124FFF54500799FF1 /* Main.storyboard */,
				83909BC424FFF54700799FF1 /* Assets.xcassets */,
				83909BC624FFF54700799FF1 /* LaunchScreen.storyboard */,
				83909BC924FFF54700799FF1 /* Info.plist */,
			);
			path = Todo;
			sourceTree = "<group>";
		};
		B0E8F3C14C9740EEB3542013 /* AmplifyConfig */ = {
			isa = PBXGroup;
			children = (
				45ADE79B32D642C89234E4C0 /* amplifytools.xcconfig */,
				74173773C1D249F087CD7167 /* amplifyconfiguration.json */,
				CA5033383EB3448AA5CEA2C2 /* awsconfiguration.json */,
				044224BDD4A54392B7432FBD /* schema.graphql */,
			);
			name = AmplifyConfig;
			path = .;
			sourceTree = "<group>";
		};
		C8380995ECAC44E6B75EF11D /* AmplifyModels */ = {
			isa = PBXGroup;
			children = (
				DACAF17EA39F452784969E50 /* AmplifyModels.swift */,
				92F70A1FF8B04922B92992B0 /* Priority.swift */,
				5212F6FF90BA4AC7AFD62ADB /* Todo.swift */,
				B94AADD6A1774CB8BB54E96D /* Todo+Schema.swift */,
			);
			name = AmplifyModels;
			path = .;
			sourceTree = "<group>";
		};
/* End PBXGroup section */

/* Begin PBXNativeTarget section */
		83909BB724FFF54500799FF1 /* Todo */ = {
			isa = PBXNativeTarget;
			buildConfigurationList = 83909BCC24FFF54700799FF1 /* Build configuration list for PBXNativeTarget "Todo" */;
			buildPhases = (
				ECD33F9022960555BF54648A /* [CP] Check Pods Manifest.lock */,
				83909BCF24FFF81800799FF1 /* ShellScript */,
				83909BB424FFF54500799FF1 /* Sources */,
				83909BB524FFF54500799FF1 /* Frameworks */,
				83909BB624FFF54500799FF1 /* Resources */,
				A8B03857D1FB8CA268611BE3 /* [CP] Embed Pods Frameworks */,
			);
			buildRules = (
			);
			dependencies = (
			);
			name = Todo;
			productName = Todo;
			productReference = 83909BB824FFF54500799FF1 /* Todo.app */;
			productType = "com.apple.product-type.application";
		};
/* End PBXNativeTarget section */

/* Begin PBXProject section */
		83909BB024FFF54500799FF1 /* Project object */ = {
			isa = PBXProject;
			attributes = {
				LastSwiftUpdateCheck = 1160;
				LastUpgradeCheck = 1160;
				ORGANIZATIONNAME = "TaeHyeong Kim";
				TargetAttributes = {
					83909BB724FFF54500799FF1 = {
						CreatedOnToolsVersion = 11.6;
					};
				};
			};
			buildConfigurationList = 83909BB324FFF54500799FF1 /* Build configuration list for PBXProject "Todo" */;
			compatibilityVersion = "Xcode 9.3";
			developmentRegion = en;
			hasScannedForEncodings = 0;
			knownRegions = (
				en,
				Base,
			);
			mainGroup = 83909BAF24FFF54500799FF1;
			productRefGroup = 83909BB924FFF54500799FF1 /* Products */;
			projectDirPath = "";
			projectRoot = "";
			targets = (
				83909BB724FFF54500799FF1 /* Todo */,
			);
		};
/* End PBXProject section */

/* Begin PBXResourcesBuildPhase section */
		83909BB624FFF54500799FF1 /* Resources */ = {
			isa = PBXResourcesBuildPhase;
			buildActionMask = 2147483647;
			files = (
				83909BC824FFF54700799FF1 /* LaunchScreen.storyboard in Resources */,
				83909BC524FFF54700799FF1 /* Assets.xcassets in Resources */,
				83909BC324FFF54500799FF1 /* Main.storyboard in Resources */,
				6CFE9E5FCD0945408518ED57 /* amplifyconfiguration.json in Resources */,
				4A734A9D70BC449C93D2A0E1 /* awsconfiguration.json in Resources */,
			);
			runOnlyForDeploymentPostprocessing = 0;
		};
/* End PBXResourcesBuildPhase section */

/* Begin PBXShellScriptBuildPhase section */
		83909BCF24FFF81800799FF1 /* ShellScript */ = {
			isa = PBXShellScriptBuildPhase;
			buildActionMask = 2147483647;
			files = (
			);
			inputFileListPaths = (
			);
			inputPaths = (
			);
			outputFileListPaths = (
			);
			outputPaths = (
			);
			runOnlyForDeploymentPostprocessing = 0;
			shellPath = /bin/sh;
			shellScript = "# Type a script or drag a script file from your workspace to insert its path.\n\"${PODS_ROOT}/AmplifyTools/amplify-tools.sh\"\n";
		};
		A8B03857D1FB8CA268611BE3 /* [CP] Embed Pods Frameworks */ = {
			isa = PBXShellScriptBuildPhase;
			buildActionMask = 2147483647;
			files = (
			);
			inputFileListPaths = (
				"${PODS_ROOT}/Target Support Files/Pods-Todo/Pods-Todo-frameworks-${CONFIGURATION}-input-files.xcfilelist",
			);
			name = "[CP] Embed Pods Frameworks";
			outputFileListPaths = (
				"${PODS_ROOT}/Target Support Files/Pods-Todo/Pods-Todo-frameworks-${CONFIGURATION}-output-files.xcfilelist",
			);
			runOnlyForDeploymentPostprocessing = 0;
			shellPath = /bin/sh;
			shellScript = "\"${PODS_ROOT}/Target Support Files/Pods-Todo/Pods-Todo-frameworks.sh\"\n";
			showEnvVarsInLog = 0;
		};
		ECD33F9022960555BF54648A /* [CP] Check Pods Manifest.lock */ = {
			isa = PBXShellScriptBuildPhase;
			buildActionMask = 2147483647;
			files = (
			);
			inputFileListPaths = (
			);
			inputPaths = (
				"${PODS_PODFILE_DIR_PATH}/Podfile.lock",
				"${PODS_ROOT}/Manifest.lock",
			);
			name = "[CP] Check Pods Manifest.lock";
			outputFileListPaths = (
			);
			outputPaths = (
				"$(DERIVED_FILE_DIR)/Pods-Todo-checkManifestLockResult.txt",
			);
			runOnlyForDeploymentPostprocessing = 0;
			shellPath = /bin/sh;
			shellScript = "diff \"${PODS_PODFILE_DIR_PATH}/Podfile.lock\" \"${PODS_ROOT}/Manifest.lock\" > /dev/null\nif [ $? != 0 ] ; then\n    # print error to STDERR\n    echo \"error: The sandbox is not in sync with the Podfile.lock. Run 'pod install' or update your CocoaPods installation.\" >&2\n    exit 1\nfi\n# This output is used by Xcode 'outputs' to avoid re-running this script phase.\necho \"SUCCESS\" > \"${SCRIPT_OUTPUT_FILE_0}\"\n";
			showEnvVarsInLog = 0;
		};
/* End PBXShellScriptBuildPhase section */

/* Begin PBXSourcesBuildPhase section */
		83909BB424FFF54500799FF1 /* Sources */ = {
			isa = PBXSourcesBuildPhase;
			buildActionMask = 2147483647;
			files = (
				83909BC024FFF54500799FF1 /* ViewController.swift in Sources */,
				83909BBC24FFF54500799FF1 /* AppDelegate.swift in Sources */,
				83909BBE24FFF54500799FF1 /* SceneDelegate.swift in Sources */,
				BA85B3C4593C403E980C1F6B /* AmplifyModels.swift in Sources */,
				A053114F28FF48C8B66E1144 /* Priority.swift in Sources */,
				D5FCA09AAC4541B289B1F4AF /* Todo.swift in Sources */,
				61044193144F4EC18F18BB6D /* Todo+Schema.swift in Sources */,
				83909BD125000B2600799FF1 /* TodoCell.swift in Sources */,
			);
			runOnlyForDeploymentPostprocessing = 0;
		};
/* End PBXSourcesBuildPhase section */

/* Begin PBXVariantGroup section */
		83909BC124FFF54500799FF1 /* Main.storyboard */ = {
			isa = PBXVariantGroup;
			children = (
				83909BC224FFF54500799FF1 /* Base */,
			);
			name = Main.storyboard;
			sourceTree = "<group>";
		};
		83909BC624FFF54700799FF1 /* LaunchScreen.storyboard */ = {
			isa = PBXVariantGroup;
			children = (
				83909BC724FFF54700799FF1 /* Base */,
			);
			name = LaunchScreen.storyboard;
			sourceTree = "<group>";
		};
/* End PBXVariantGroup section */

/* Begin XCBuildConfiguration section */
		83909BCA24FFF54700799FF1 /* Debug */ = {
			isa = XCBuildConfiguration;
			buildSettings = {
				ALWAYS_SEARCH_USER_PATHS = NO;
				CLANG_ANALYZER_NONNULL = YES;
				CLANG_ANALYZER_NUMBER_OBJECT_CONVERSION = YES_AGGRESSIVE;
				CLANG_CXX_LANGUAGE_STANDARD = "gnu++14";
				CLANG_CXX_LIBRARY = "libc++";
				CLANG_ENABLE_MODULES = YES;
				CLANG_ENABLE_OBJC_ARC = YES;
				CLANG_ENABLE_OBJC_WEAK = YES;
				CLANG_WARN_BLOCK_CAPTURE_AUTORELEASING = YES;
				CLANG_WARN_BOOL_CONVERSION = YES;
				CLANG_WARN_COMMA = YES;
				CLANG_WARN_CONSTANT_CONVERSION = YES;
				CLANG_WARN_DEPRECATED_OBJC_IMPLEMENTATIONS = YES;
				CLANG_WARN_DIRECT_OBJC_ISA_USAGE = YES_ERROR;
				CLANG_WARN_DOCUMENTATION_COMMENTS = YES;
				CLANG_WARN_EMPTY_BODY = YES;
				CLANG_WARN_ENUM_CONVERSION = YES;
				CLANG_WARN_INFINITE_RECURSION = YES;
				CLANG_WARN_INT_CONVERSION = YES;
				CLANG_WARN_NON_LITERAL_NULL_CONVERSION = YES;
				CLANG_WARN_OBJC_IMPLICIT_RETAIN_SELF = YES;
				CLANG_WARN_OBJC_LITERAL_CONVERSION = YES;
				CLANG_WARN_OBJC_ROOT_CLASS = YES_ERROR;
				CLANG_WARN_RANGE_LOOP_ANALYSIS = YES;
				CLANG_WARN_STRICT_PROTOTYPES = YES;
				CLANG_WARN_SUSPICIOUS_MOVE = YES;
				CLANG_WARN_UNGUARDED_AVAILABILITY = YES_AGGRESSIVE;
				CLANG_WARN_UNREACHABLE_CODE = YES;
				CLANG_WARN__DUPLICATE_METHOD_MATCH = YES;
				COPY_PHASE_STRIP = NO;
				DEBUG_INFORMATION_FORMAT = dwarf;
				ENABLE_STRICT_OBJC_MSGSEND = YES;
				ENABLE_TESTABILITY = YES;
				GCC_C_LANGUAGE_STANDARD = gnu11;
				GCC_DYNAMIC_NO_PIC = NO;
				GCC_NO_COMMON_BLOCKS = YES;
				GCC_OPTIMIZATION_LEVEL = 0;
				GCC_PREPROCESSOR_DEFINITIONS = (
					"DEBUG=1",
					"$(inherited)",
				);
				GCC_WARN_64_TO_32_BIT_CONVERSION = YES;
				GCC_WARN_ABOUT_RETURN_TYPE = YES_ERROR;
				GCC_WARN_UNDECLARED_SELECTOR = YES;
				GCC_WARN_UNINITIALIZED_AUTOS = YES_AGGRESSIVE;
				GCC_WARN_UNUSED_FUNCTION = YES;
				GCC_WARN_UNUSED_VARIABLE = YES;
				IPHONEOS_DEPLOYMENT_TARGET = 13.6;
				MTL_ENABLE_DEBUG_INFO = INCLUDE_SOURCE;
				MTL_FAST_MATH = YES;
				ONLY_ACTIVE_ARCH = YES;
				SDKROOT = iphoneos;
				SWIFT_ACTIVE_COMPILATION_CONDITIONS = DEBUG;
				SWIFT_OPTIMIZATION_LEVEL = "-Onone";
			};
			name = Debug;
		};
		83909BCB24FFF54700799FF1 /* Release */ = {
			isa = XCBuildConfiguration;
			buildSettings = {
				ALWAYS_SEARCH_USER_PATHS = NO;
				CLANG_ANALYZER_NONNULL = YES;
				CLANG_ANALYZER_NUMBER_OBJECT_CONVERSION = YES_AGGRESSIVE;
				CLANG_CXX_LANGUAGE_STANDARD = "gnu++14";
				CLANG_CXX_LIBRARY = "libc++";
				CLANG_ENABLE_MODULES = YES;
				CLANG_ENABLE_OBJC_ARC = YES;
				CLANG_ENABLE_OBJC_WEAK = YES;
				CLANG_WARN_BLOCK_CAPTURE_AUTORELEASING = YES;
				CLANG_WARN_BOOL_CONVERSION = YES;
				CLANG_WARN_COMMA = YES;
				CLANG_WARN_CONSTANT_CONVERSION = YES;
				CLANG_WARN_DEPRECATED_OBJC_IMPLEMENTATIONS = YES;
				CLANG_WARN_DIRECT_OBJC_ISA_USAGE = YES_ERROR;
				CLANG_WARN_DOCUMENTATION_COMMENTS = YES;
				CLANG_WARN_EMPTY_BODY = YES;
				CLANG_WARN_ENUM_CONVERSION = YES;
				CLANG_WARN_INFINITE_RECURSION = YES;
				CLANG_WARN_INT_CONVERSION = YES;
				CLANG_WARN_NON_LITERAL_NULL_CONVERSION = YES;
				CLANG_WARN_OBJC_IMPLICIT_RETAIN_SELF = YES;
				CLANG_WARN_OBJC_LITERAL_CONVERSION = YES;
				CLANG_WARN_OBJC_ROOT_CLASS = YES_ERROR;
				CLANG_WARN_RANGE_LOOP_ANALYSIS = YES;
				CLANG_WARN_STRICT_PROTOTYPES = YES;
				CLANG_WARN_SUSPICIOUS_MOVE = YES;
				CLANG_WARN_UNGUARDED_AVAILABILITY = YES_AGGRESSIVE;
				CLANG_WARN_UNREACHABLE_CODE = YES;
				CLANG_WARN__DUPLICATE_METHOD_MATCH = YES;
				COPY_PHASE_STRIP = NO;
				DEBUG_INFORMATION_FORMAT = "dwarf-with-dsym";
				ENABLE_NS_ASSERTIONS = NO;
				ENABLE_STRICT_OBJC_MSGSEND = YES;
				GCC_C_LANGUAGE_STANDARD = gnu11;
				GCC_NO_COMMON_BLOCKS = YES;
				GCC_WARN_64_TO_32_BIT_CONVERSION = YES;
				GCC_WARN_ABOUT_RETURN_TYPE = YES_ERROR;
				GCC_WARN_UNDECLARED_SELECTOR = YES;
				GCC_WARN_UNINITIALIZED_AUTOS = YES_AGGRESSIVE;
				GCC_WARN_UNUSED_FUNCTION = YES;
				GCC_WARN_UNUSED_VARIABLE = YES;
				IPHONEOS_DEPLOYMENT_TARGET = 13.6;
				MTL_ENABLE_DEBUG_INFO = NO;
				MTL_FAST_MATH = YES;
				SDKROOT = iphoneos;
				SWIFT_COMPILATION_MODE = wholemodule;
				SWIFT_OPTIMIZATION_LEVEL = "-O";
				VALIDATE_PRODUCT = YES;
			};
			name = Release;
		};
		83909BCD24FFF54700799FF1 /* Debug */ = {
			isa = XCBuildConfiguration;
			baseConfigurationReference = 13E1EF63961F100233A8B571 /* Pods-Todo.debug.xcconfig */;
			buildSettings = {
				ASSETCATALOG_COMPILER_APPICON_NAME = AppIcon;
				CODE_SIGN_STYLE = Automatic;
				DEVELOPMENT_TEAM = 9Y5NYS23KM;
				INFOPLIST_FILE = Todo/Info.plist;
				LD_RUNPATH_SEARCH_PATHS = (
					"$(inherited)",
					"@executable_path/Frameworks",
				);
				PRODUCT_BUNDLE_IDENTIFIER = uuzaza.Todo;
				PRODUCT_NAME = "$(TARGET_NAME)";
				SWIFT_VERSION = 5.0;
				TARGETED_DEVICE_FAMILY = "1,2";
			};
			name = Debug;
		};
		83909BCE24FFF54700799FF1 /* Release */ = {
			isa = XCBuildConfiguration;
			baseConfigurationReference = 9802B7FA7671165F91BA25B5 /* Pods-Todo.release.xcconfig */;
			buildSettings = {
				ASSETCATALOG_COMPILER_APPICON_NAME = AppIcon;
				CODE_SIGN_STYLE = Automatic;
				DEVELOPMENT_TEAM = 9Y5NYS23KM;
				INFOPLIST_FILE = Todo/Info.plist;
				LD_RUNPATH_SEARCH_PATHS = (
					"$(inherited)",
					"@executable_path/Frameworks",
				);
				PRODUCT_BUNDLE_IDENTIFIER = uuzaza.Todo;
				PRODUCT_NAME = "$(TARGET_NAME)";
				SWIFT_VERSION = 5.0;
				TARGETED_DEVICE_FAMILY = "1,2";
			};
			name = Release;
		};
/* End XCBuildConfiguration section */

/* Begin XCConfigurationList section */
		83909BB324FFF54500799FF1 /* Build configuration list for PBXProject "Todo" */ = {
			isa = XCConfigurationList;
			buildConfigurations = (
				83909BCA24FFF54700799FF1 /* Debug */,
				83909BCB24FFF54700799FF1 /* Release */,
			);
			defaultConfigurationIsVisible = 0;
			defaultConfigurationName = Release;
		};
		83909BCC24FFF54700799FF1 /* Build configuration list for PBXNativeTarget "Todo" */ = {
			isa = XCConfigurationList;
			buildConfigurations = (
				83909BCD24FFF54700799FF1 /* Debug */,
				83909BCE24FFF54700799FF1 /* Release */,
			);
			defaultConfigurationIsVisible = 0;
			defaultConfigurationName = Release;
		};
/* End XCConfigurationList section */
	};
	rootObject = 83909BB024FFF54500799FF1 /* Project object */;
}
